
Microsoft Visual Studio Solution File, Format Version 12.00
# Visual Studio Version 16
VisualStudioVersion = 16.0.31112.23
MinimumVisualStudioVersion = 10.0.40219.1
Project("{2150E333-8FDC-42A3-9474-1A3956D46DE8}") = "WPF", "WPF", "{EE689B67-5AEB-4D72-BC78-D7526DCB6329}"
EndProject
Project("{2150E333-8FDC-42A3-9474-1A3956D46DE8}") = "MVVM", "MVVM", "{896398AB-1510-4AD5-849A-6FB87935C5F6}"
EndProject
Project("{FAE04EC0-301F-11D3-BF4B-00C04F79EFBC}") = "WPF_MVVM_Basic", "WPF_MVVM_Basic\WPF_MVVM_Basic.csproj", "{442B71A9-86C0-4A27-8AA4-CAC3432BD43D}"
EndProject
Project("{2150E333-8FDC-42A3-9474-1A3956D46DE8}") = "APP", "APP", "{52A94B49-249A-413D-95A2-E2697DE4AF65}"
EndProject
Project("{FAE04EC0-301F-11D3-BF4B-00C04F79EFBC}") = "Config", "Config\Config.csproj", "{F8292A61-2F64-4842-BFBD-EE2340DB85E6}"
EndProject
Project("{2150E333-8FDC-42A3-9474-1A3956D46DE8}") = "Start", "Start", "{D5461F77-F97E-4F80-B560-1B19B1B4A637}"
EndProject
Project("{FAE04EC0-301F-11D3-BF4B-00C04F79EFBC}") = "WPF_Start_StartupUri", "WPF_Start_StartupUri\WPF_Start_StartupUri.csproj", "{8FA2A183-0B48-4541-83C5-3A3DED57D7DD}"
EndProject
Project("{FAE04EC0-301F-11D3-BF4B-00C04F79EFBC}") = "WPF_Start_Program", "WPF_Start_Program\WPF_Start_Program.csproj", "{15C1DCE8-CD96-4FC6-B8B7-22D8EF666CCE}"
EndProject
Project("{FAE04EC0-301F-11D3-BF4B-00C04F79EFBC}") = "WPF_Start_App_InitializeComponent", "WPF_Start_App_InitializeComponent\WPF_Start_App_InitializeComponent.csproj", "{B4F8DD85-727E-4ACF-B3DB-3F6702B39E8C}"
EndProject
Project("{FAE04EC0-301F-11D3-BF4B-00C04F79EFBC}") = "WPF_Start_App_InitializeComponent_CommandLineArgument", "WPF_Start_App_InitializeComponent_CommandLineArgument\WPF_Start_App_InitializeComponent_CommandLineArgument.csproj", "{FC2C235A-07AF-4291-99D4-59D4154DA0BB}"
EndProject
Project("{FAE04EC0-301F-11D3-BF4B-00C04F79EFBC}") = "WPF_Start_Startup", "WPF_Start_Startup\WPF_Start_Startup.csproj", "{BDE9CAD5-0733-45F3-ACA0-F332CBFF15BA}"
EndProject
Project("{2150E333-8FDC-42A3-9474-1A3956D46DE8}") = "WINFORM", "WINFORM", "{C8793358-0778-439A-866F-757DCDAEB98B}"
EndProject
Project("{FAE04EC0-301F-11D3-BF4B-00C04F79EFBC}") = "WINFORM_PngButton", "WINFORM_PngButton\WINFORM_PngButton.csproj", "{48136CB7-8239-4FFA-BD20-CC95FDF0C0EB}"
EndProject
Project("{FAE04EC0-301F-11D3-BF4B-00C04F79EFBC}") = "CommonLib", "CommonLib\CommonLib.csproj", "{7D45B56F-2170-4F22-ADF1-A2684A4ABADE}"
EndProject
Project("{FAE04EC0-301F-11D3-BF4B-00C04F79EFBC}") = "WPF_DataGrid", "WPF_DATAGRID\WPF_DataGrid.csproj", "{DF81136E-420F-490D-9973-81F9EC43B0DC}"
EndProject
Project("{FAE04EC0-301F-11D3-BF4B-00C04F79EFBC}") = "attribute", "attribute\attribute.csproj", "{3EE82459-80B5-443E-86FB-53EF47C555CD}"
EndProject
Project("{2150E333-8FDC-42A3-9474-1A3956D46DE8}") = "MEF", "MEF", "{27A3C3CF-A8E8-4399-AFC8-EB523D545179}"
EndProject
Project("{FAE04EC0-301F-11D3-BF4B-00C04F79EFBC}") = "BankInterface", "BankInterface\BankInterface.csproj", "{6428F1DC-FFD1-49A6-B60E-48363A991353}"
EndProject
Project("{FAE04EC0-301F-11D3-BF4B-00C04F79EFBC}") = "Bank", "Bank\Bank.csproj", "{CBCD8533-6ED6-476A-9360-1BB457CD1FDF}"
EndProject
Project("{FAE04EC0-301F-11D3-BF4B-00C04F79EFBC}") = "BankOfChina", "BankOfChina\BankOfChina.csproj", "{620F2698-DCC4-4F40-90FE-7231A508FC31}"
EndProject
Project("{FAE04EC0-301F-11D3-BF4B-00C04F79EFBC}") = "BookService", "BookService\BookService.csproj", "{88F28E21-3161-44FD-B73D-3BFAD9E2FCC3}"
EndProject
Project("{FAE04EC0-301F-11D3-BF4B-00C04F79EFBC}") = "WPF_Shape", "WPF_Shape\WPF_Shape.csproj", "{1E965A45-BFDE-4B05-9424-0BA10DC9E668}"
EndProject
Global
	GlobalSection(SolutionConfigurationPlatforms) = preSolution
		Debug|Any CPU = Debug|Any CPU
		Release|Any CPU = Release|Any CPU
	EndGlobalSection
	GlobalSection(ProjectConfigurationPlatforms) = postSolution
		{442B71A9-86C0-4A27-8AA4-CAC3432BD43D}.Debug|Any CPU.ActiveCfg = Debug|Any CPU
		{442B71A9-86C0-4A27-8AA4-CAC3432BD43D}.Debug|Any CPU.Build.0 = Debug|Any CPU
		{442B71A9-86C0-4A27-8AA4-CAC3432BD43D}.Release|Any CPU.ActiveCfg = Release|Any CPU
		{442B71A9-86C0-4A27-8AA4-CAC3432BD43D}.Release|Any CPU.Build.0 = Release|Any CPU
		{F8292A61-2F64-4842-BFBD-EE2340DB85E6}.Debug|Any CPU.ActiveCfg = Debug|Any CPU
		{F8292A61-2F64-4842-BFBD-EE2340DB85E6}.Debug|Any CPU.Build.0 = Debug|Any CPU
		{F8292A61-2F64-4842-BFBD-EE2340DB85E6}.Release|Any CPU.ActiveCfg = Release|Any CPU
		{F8292A61-2F64-4842-BFBD-EE2340DB85E6}.Release|Any CPU.Build.0 = Release|Any CPU
		{8FA2A183-0B48-4541-83C5-3A3DED57D7DD}.Debug|Any CPU.ActiveCfg = Debug|Any CPU
		{8FA2A183-0B48-4541-83C5-3A3DED57D7DD}.Debug|Any CPU.Build.0 = Debug|Any CPU
		{8FA2A183-0B48-4541-83C5-3A3DED57D7DD}.Release|Any CPU.ActiveCfg = Release|Any CPU
		{8FA2A183-0B48-4541-83C5-3A3DED57D7DD}.Release|Any CPU.Build.0 = Release|Any CPU
		{15C1DCE8-CD96-4FC6-B8B7-22D8EF666CCE}.Debug|Any CPU.ActiveCfg = Debug|Any CPU
		{15C1DCE8-CD96-4FC6-B8B7-22D8EF666CCE}.Debug|Any CPU.Build.0 = Debug|Any CPU
		{15C1DCE8-CD96-4FC6-B8B7-22D8EF666CCE}.Release|Any CPU.ActiveCfg = Release|Any CPU
		{15C1DCE8-CD96-4FC6-B8B7-22D8EF666CCE}.Release|Any CPU.Build.0 = Release|Any CPU
		{B4F8DD85-727E-4ACF-B3DB-3F6702B39E8C}.Debug|Any CPU.ActiveCfg = Debug|Any CPU
		{B4F8DD85-727E-4ACF-B3DB-3F6702B39E8C}.Debug|Any CPU.Build.0 = Debug|Any CPU
		{B4F8DD85-727E-4ACF-B3DB-3F6702B39E8C}.Release|Any CPU.ActiveCfg = Release|Any CPU
		{B4F8DD85-727E-4ACF-B3DB-3F6702B39E8C}.Release|Any CPU.Build.0 = Release|Any CPU
		{FC2C235A-07AF-4291-99D4-59D4154DA0BB}.Debug|Any CPU.ActiveCfg = Debug|Any CPU
		{FC2C235A-07AF-4291-99D4-59D4154DA0BB}.Debug|Any CPU.Build.0 = Debug|Any CPU
		{FC2C235A-07AF-4291-99D4-59D4154DA0BB}.Release|Any CPU.ActiveCfg = Release|Any CPU
		{FC2C235A-07AF-4291-99D4-59D4154DA0BB}.Release|Any CPU.Build.0 = Release|Any CPU
		{BDE9CAD5-0733-45F3-ACA0-F332CBFF15BA}.Debug|Any CPU.ActiveCfg = Debug|Any CPU
		{BDE9CAD5-0733-45F3-ACA0-F332CBFF15BA}.Debug|Any CPU.Build.0 = Debug|Any CPU
		{BDE9CAD5-0733-45F3-ACA0-F332CBFF15BA}.Release|Any CPU.ActiveCfg = Release|Any CPU
		{BDE9CAD5-0733-45F3-ACA0-F332CBFF15BA}.Release|Any CPU.Build.0 = Release|Any CPU
		{48136CB7-8239-4FFA-BD20-CC95FDF0C0EB}.Debug|Any CPU.ActiveCfg = Debug|Any CPU
		{48136CB7-8239-4FFA-BD20-CC95FDF0C0EB}.Debug|Any CPU.Build.0 = Debug|Any CPU
		{48136CB7-8239-4FFA-BD20-CC95FDF0C0EB}.Release|Any CPU.ActiveCfg = Release|Any CPU
		{48136CB7-8239-4FFA-BD20-CC95FDF0C0EB}.Release|Any CPU.Build.0 = Release|Any CPU
		{7D45B56F-2170-4F22-ADF1-A2684A4ABADE}.Debug|Any CPU.ActiveCfg = Debug|Any CPU
		{7D45B56F-2170-4F22-ADF1-A2684A4ABADE}.Debug|Any CPU.Build.0 = Debug|Any CPU
		{7D45B56F-2170-4F22-ADF1-A2684A4ABADE}.Release|Any CPU.ActiveCfg = Release|Any CPU
		{7D45B56F-2170-4F22-ADF1-A2684A4ABADE}.Release|Any CPU.Build.0 = Release|Any CPU
		{DF81136E-420F-490D-9973-81F9EC43B0DC}.Debug|Any CPU.ActiveCfg = Debug|Any CPU
		{DF81136E-420F-490D-9973-81F9EC43B0DC}.Debug|Any CPU.Build.0 = Debug|Any CPU
		{DF81136E-420F-490D-9973-81F9EC43B0DC}.Release|Any CPU.ActiveCfg = Release|Any CPU
		{DF81136E-420F-490D-9973-81F9EC43B0DC}.Release|Any CPU.Build.0 = Release|Any CPU
		{3EE82459-80B5-443E-86FB-53EF47C555CD}.Debug|Any CPU.ActiveCfg = Debug|Any CPU
		{3EE82459-80B5-443E-86FB-53EF47C555CD}.Debug|Any CPU.Build.0 = Debug|Any CPU
		{3EE82459-80B5-443E-86FB-53EF47C555CD}.Release|Any CPU.ActiveCfg = Release|Any CPU
		{3EE82459-80B5-443E-86FB-53EF47C555CD}.Release|Any CPU.Build.0 = Release|Any CPU
		{6428F1DC-FFD1-49A6-B60E-48363A991353}.Debug|Any CPU.ActiveCfg = Debug|Any CPU
		{6428F1DC-FFD1-49A6-B60E-48363A991353}.Debug|Any CPU.Build.0 = Debug|Any CPU
		{6428F1DC-FFD1-49A6-B60E-48363A991353}.Release|Any CPU.ActiveCfg = Release|Any CPU
		{6428F1DC-FFD1-49A6-B60E-48363A991353}.Release|Any CPU.Build.0 = Release|Any CPU
		{CBCD8533-6ED6-476A-9360-1BB457CD1FDF}.Debug|Any CPU.ActiveCfg = Debug|Any CPU
		{CBCD8533-6ED6-476A-9360-1BB457CD1FDF}.Debug|Any CPU.Build.0 = Debug|Any CPU
		{CBCD8533-6ED6-476A-9360-1BB457CD1FDF}.Release|Any CPU.ActiveCfg = Release|Any CPU
		{CBCD8533-6ED6-476A-9360-1BB457CD1FDF}.Release|Any CPU.Build.0 = Release|Any CPU
		{620F2698-DCC4-4F40-90FE-7231A508FC31}.Debug|Any CPU.ActiveCfg = Debug|Any CPU
		{620F2698-DCC4-4F40-90FE-7231A508FC31}.Debug|Any CPU.Build.0 = Debug|Any CPU
		{620F2698-DCC4-4F40-90FE-7231A508FC31}.Release|Any CPU.ActiveCfg = Release|Any CPU
		{620F2698-DCC4-4F40-90FE-7231A508FC31}.Release|Any CPU.Build.0 = Release|Any CPU
		{88F28E21-3161-44FD-B73D-3BFAD9E2FCC3}.Debug|Any CPU.ActiveCfg = Debug|Any CPU
		{88F28E21-3161-44FD-B73D-3BFAD9E2FCC3}.Debug|Any CPU.Build.0 = Debug|Any CPU
		{88F28E21-3161-44FD-B73D-3BFAD9E2FCC3}.Release|Any CPU.ActiveCfg = Release|Any CPU
		{88F28E21-3161-44FD-B73D-3BFAD9E2FCC3}.Release|Any CPU.Build.0 = Release|Any CPU
		{1E965A45-BFDE-4B05-9424-0BA10DC9E668}.Debug|Any CPU.ActiveCfg = Debug|Any CPU
		{1E965A45-BFDE-4B05-9424-0BA10DC9E668}.Debug|Any CPU.Build.0 = Debug|Any CPU
		{1E965A45-BFDE-4B05-9424-0BA10DC9E668}.Release|Any CPU.ActiveCfg = Release|Any CPU
		{1E965A45-BFDE-4B05-9424-0BA10DC9E668}.Release|Any CPU.Build.0 = Release|Any CPU
	EndGlobalSection
	GlobalSection(SolutionProperties) = preSolution
		HideSolutionNode = FALSE
	EndGlobalSection
	GlobalSection(NestedProjects) = preSolution
		{896398AB-1510-4AD5-849A-6FB87935C5F6} = {EE689B67-5AEB-4D72-BC78-D7526DCB6329}
		{442B71A9-86C0-4A27-8AA4-CAC3432BD43D} = {896398AB-1510-4AD5-849A-6FB87935C5F6}
		{F8292A61-2F64-4842-BFBD-EE2340DB85E6} = {52A94B49-249A-413D-95A2-E2697DE4AF65}
		{D5461F77-F97E-4F80-B560-1B19B1B4A637} = {EE689B67-5AEB-4D72-BC78-D7526DCB6329}
		{8FA2A183-0B48-4541-83C5-3A3DED57D7DD} = {D5461F77-F97E-4F80-B560-1B19B1B4A637}
		{15C1DCE8-CD96-4FC6-B8B7-22D8EF666CCE} = {D5461F77-F97E-4F80-B560-1B19B1B4A637}
		{B4F8DD85-727E-4ACF-B3DB-3F6702B39E8C} = {D5461F77-F97E-4F80-B560-1B19B1B4A637}
		{FC2C235A-07AF-4291-99D4-59D4154DA0BB} = {D5461F77-F97E-4F80-B560-1B19B1B4A637}
		{BDE9CAD5-0733-45F3-ACA0-F332CBFF15BA} = {D5461F77-F97E-4F80-B560-1B19B1B4A637}
		{48136CB7-8239-4FFA-BD20-CC95FDF0C0EB} = {C8793358-0778-439A-866F-757DCDAEB98B}
		{DF81136E-420F-490D-9973-81F9EC43B0DC} = {EE689B67-5AEB-4D72-BC78-D7526DCB6329}
		{6428F1DC-FFD1-49A6-B60E-48363A991353} = {27A3C3CF-A8E8-4399-AFC8-EB523D545179}
		{CBCD8533-6ED6-476A-9360-1BB457CD1FDF} = {27A3C3CF-A8E8-4399-AFC8-EB523D545179}
		{620F2698-DCC4-4F40-90FE-7231A508FC31} = {27A3C3CF-A8E8-4399-AFC8-EB523D545179}
		{88F28E21-3161-44FD-B73D-3BFAD9E2FCC3} = {27A3C3CF-A8E8-4399-AFC8-EB523D545179}
		{1E965A45-BFDE-4B05-9424-0BA10DC9E668} = {EE689B67-5AEB-4D72-BC78-D7526DCB6329}
	EndGlobalSection
	GlobalSection(ExtensibilityGlobals) = postSolution
		SolutionGuid = {810D7D2A-078D-41B4-90F4-00421036508D}
	EndGlobalSection
EndGlobal
